
Microsoft Visual Studio Solution File, Format Version 12.00
# Visual Studio Version 17
VisualStudioVersion = 17.13.35931.197 d17.13
MinimumVisualStudioVersion = 10.0.40219.1
Project("{FAE04EC0-301F-11D3-BF4B-00C04F79EFBC}") = "ブラックジャック", "ブラックジャック\ブラックジャック.csproj", "{CBB85E8B-3366-41AA-A85C-33300C7E4A07}"
EndProject
Global
	GlobalSection(SolutionConfigurationPlatforms) = preSolution
		Debug|Any CPU = Debug|Any CPU
		Release|Any CPU = Release|Any CPU
	EndGlobalSection
	GlobalSection(ProjectConfigurationPlatforms) = postSolution
		{CBB85E8B-3366-41AA-A85C-33300C7E4A07}.Debug|Any CPU.ActiveCfg = Debug|Any CPU
		{CBB85E8B-3366-41AA-A85C-33300C7E4A07}.Debug|Any CPU.Build.0 = Debug|Any CPU
		{CBB85E8B-3366-41AA-A85C-33300C7E4A07}.Release|Any CPU.ActiveCfg = Release|Any CPU
		{CBB85E8B-3366-41AA-A85C-33300C7E4A07}.Release|Any CPU.Build.0 = Release|Any CPU
	EndGlobalSection
	GlobalSection(SolutionProperties) = preSolution
		HideSolutionNode = FALSE
	EndGlobalSection
	GlobalSection(ExtensibilityGlobals) = postSolution
		SolutionGuid = {C1627F67-343E-4F46-AF6D-D0771E931612}
	EndGlobalSection
EndGlobal
